
Microsoft Visual Studio Solution File, Format Version 12.00
# Visual Studio Version 17
VisualStudioVersion = 17.4.33110.190
MinimumVisualStudioVersion = 10.0.40219.1
Project("{9A19103F-16F7-4668-BE54-9A1E7A4F7556}") = "RealtimeCurrencyConverter", "RealtimeCurrencyConverter\RealtimeCurrencyConverter.csproj", "{5FCCAD36-E342-4CB1-AD55-E0211811872C}"
EndProject
Global
	GlobalSection(SolutionConfigurationPlatforms) = preSolution
		Debug|Any CPU = Debug|Any CPU
		Release|Any CPU = Release|Any CPU
	EndGlobalSection
	GlobalSection(ProjectConfigurationPlatforms) = postSolution
		{5FCCAD36-E342-4CB1-AD55-E0211811872C}.Debug|Any CPU.ActiveCfg = Debug|Any CPU
		{5FCCAD36-E342-4CB1-AD55-E0211811872C}.Debug|Any CPU.Build.0 = Debug|Any CPU
		{5FCCAD36-E342-4CB1-AD55-E0211811872C}.Release|Any CPU.ActiveCfg = Release|Any CPU
		{5FCCAD36-E342-4CB1-AD55-E0211811872C}.Release|Any CPU.Build.0 = Release|Any CPU
	EndGlobalSection
	GlobalSection(SolutionProperties) = preSolution
		HideSolutionNode = FALSE
	EndGlobalSection
	GlobalSection(ExtensibilityGlobals) = postSolution
		SolutionGuid = {3840273B-F9CA-4BA5-8587-3EBF99161DAB}
	EndGlobalSection
EndGlobal
